// !$*UTF8*$!
{
	archiveVersion = 1;
	classes = {
	};
	objectVersion = 46;
	objects = {

/* Begin PBXBuildFile section */
		8244DAF3159F2CC3001722AD /* stylesheets.bundle in Resources */ = {isa = PBXBuildFile; fileRef = 8244DAF2159F2CC3001722AD /* stylesheets.bundle */; };
		8272800C159F1B1500A76A55 /* UIKit.framework in Frameworks */ = {isa = PBXBuildFile; fileRef = 8272800B159F1B1500A76A55 /* UIKit.framework */; };
		8272800E159F1B1500A76A55 /* Foundation.framework in Frameworks */ = {isa = PBXBuildFile; fileRef = 8272800D159F1B1500A76A55 /* Foundation.framework */; };
		82728010159F1B1500A76A55 /* CoreGraphics.framework in Frameworks */ = {isa = PBXBuildFile; fileRef = 8272800F159F1B1500A76A55 /* CoreGraphics.framework */; };
		82728016159F1B1500A76A55 /* InfoPlist.strings in Resources */ = {isa = PBXBuildFile; fileRef = 82728014159F1B1500A76A55 /* InfoPlist.strings */; };
		82728018159F1B1500A76A55 /* main.m in Sources */ = {isa = PBXBuildFile; fileRef = 82728017159F1B1500A76A55 /* main.m */; };
		8272801C159F1B1500A76A55 /* DBAppDelegate.m in Sources */ = {isa = PBXBuildFile; fileRef = 8272801B159F1B1500A76A55 /* DBAppDelegate.m */; };
		82975048159F45700009ED89 /* DBFileGuard.m in Sources */ = {isa = PBXBuildFile; fileRef = 82975047159F45700009ED89 /* DBFileGuard.m */; };
		D0947E97FDC34F7ABD053483 /* libPods.a in Frameworks */ = {isa = PBXBuildFile; fileRef = 1BF3D07A1BB44D29889FE868 /* libPods.a */; };
/* End PBXBuildFile section */

/* Begin PBXFileReference section */
		1BF3D07A1BB44D29889FE868 /* libPods.a */ = {isa = PBXFileReference; explicitFileType = archive.ar; includeInIndex = 0; path = libPods.a; sourceTree = BUILT_PRODUCTS_DIR; };
		3CDF157089D748C39F564C0F /* Pods.xcconfig */ = {isa = PBXFileReference; lastKnownFileType = text.xcconfig; name = Pods.xcconfig; path = Pods/Pods.xcconfig; sourceTree = SOURCE_ROOT; };
		8244DAF2159F2CC3001722AD /* stylesheets.bundle */ = {isa = PBXFileReference; lastKnownFileType = "wrapper.plug-in"; path = stylesheets.bundle; sourceTree = SOURCE_ROOT; };
		82728007159F1B1500A76A55 /* morpheus.app */ = {isa = PBXFileReference; explicitFileType = wrapper.application; includeInIndex = 0; path = morpheus.app; sourceTree = BUILT_PRODUCTS_DIR; };
		8272800B159F1B1500A76A55 /* UIKit.framework */ = {isa = PBXFileReference; lastKnownFileType = wrapper.framework; name = UIKit.framework; path = System/Library/Frameworks/UIKit.framework; sourceTree = SDKROOT; };
		8272800D159F1B1500A76A55 /* Foundation.framework */ = {isa = PBXFileReference; lastKnownFileType = wrapper.framework; name = Foundation.framework; path = System/Library/Frameworks/Foundation.framework; sourceTree = SDKROOT; };
		8272800F159F1B1500A76A55 /* CoreGraphics.framework */ = {isa = PBXFileReference; lastKnownFileType = wrapper.framework; name = CoreGraphics.framework; path = System/Library/Frameworks/CoreGraphics.framework; sourceTree = SDKROOT; };
		82728013159F1B1500A76A55 /* morpheus-Info.plist */ = {isa = PBXFileReference; lastKnownFileType = text.plist.xml; path = "morpheus-Info.plist"; sourceTree = "<group>"; };
		82728015159F1B1500A76A55 /* en */ = {isa = PBXFileReference; lastKnownFileType = text.plist.strings; name = en; path = en.lproj/InfoPlist.strings; sourceTree = "<group>"; };
		82728017159F1B1500A76A55 /* main.m */ = {isa = PBXFileReference; lastKnownFileType = sourcecode.c.objc; path = main.m; sourceTree = "<group>"; };
		82728019159F1B1500A76A55 /* morpheus-Prefix.pch */ = {isa = PBXFileReference; lastKnownFileType = sourcecode.c.h; path = "morpheus-Prefix.pch"; sourceTree = "<group>"; };
		8272801A159F1B1500A76A55 /* DBAppDelegate.h */ = {isa = PBXFileReference; lastKnownFileType = sourcecode.c.h; path = DBAppDelegate.h; sourceTree = "<group>"; };
		8272801B159F1B1500A76A55 /* DBAppDelegate.m */ = {isa = PBXFileReference; lastKnownFileType = sourcecode.c.objc; path = DBAppDelegate.m; sourceTree = "<group>"; };
		82975046159F45700009ED89 /* DBFileGuard.h */ = {isa = PBXFileReference; fileEncoding = 4; lastKnownFileType = sourcecode.c.h; path = DBFileGuard.h; sourceTree = "<group>"; };
		82975047159F45700009ED89 /* DBFileGuard.m */ = {isa = PBXFileReference; fileEncoding = 4; lastKnownFileType = sourcecode.c.objc; path = DBFileGuard.m; sourceTree = "<group>"; };
		82975049159F49C40009ED89 /* DBFileGuardWorkspaceConstant.h */ = {isa = PBXFileReference; lastKnownFileType = sourcecode.c.h; path = DBFileGuardWorkspaceConstant.h; sourceTree = "<group>"; };
/* End PBXFileReference section */

/* Begin PBXFrameworksBuildPhase section */
		82728004159F1B1500A76A55 /* Frameworks */ = {
			isa = PBXFrameworksBuildPhase;
			buildActionMask = 2147483647;
			files = (
				8272800C159F1B1500A76A55 /* UIKit.framework in Frameworks */,
				8272800E159F1B1500A76A55 /* Foundation.framework in Frameworks */,
				82728010159F1B1500A76A55 /* CoreGraphics.framework in Frameworks */,
				D0947E97FDC34F7ABD053483 /* libPods.a in Frameworks */,
			);
			runOnlyForDeploymentPostprocessing = 0;
		};
/* End PBXFrameworksBuildPhase section */

/* Begin PBXGroup section */
		82727FFC159F1B1400A76A55 = {
			isa = PBXGroup;
			children = (
				82728011159F1B1500A76A55 /* morpheus */,
				8272800A159F1B1500A76A55 /* Frameworks */,
				82728008159F1B1500A76A55 /* Products */,
				3CDF157089D748C39F564C0F /* Pods.xcconfig */,
			);
			sourceTree = "<group>";
		};
		82728008159F1B1500A76A55 /* Products */ = {
			isa = PBXGroup;
			children = (
				82728007159F1B1500A76A55 /* morpheus.app */,
			);
			name = Products;
			sourceTree = "<group>";
		};
		8272800A159F1B1500A76A55 /* Frameworks */ = {
			isa = PBXGroup;
			children = (
				8272800B159F1B1500A76A55 /* UIKit.framework */,
				8272800D159F1B1500A76A55 /* Foundation.framework */,
				8272800F159F1B1500A76A55 /* CoreGraphics.framework */,
				1BF3D07A1BB44D29889FE868 /* libPods.a */,
			);
			name = Frameworks;
			sourceTree = "<group>";
		};
		82728011159F1B1500A76A55 /* morpheus */ = {
			isa = PBXGroup;
			children = (
				8272801A159F1B1500A76A55 /* DBAppDelegate.h */,
				8272801B159F1B1500A76A55 /* DBAppDelegate.m */,
				82975049159F49C40009ED89 /* DBFileGuardWorkspaceConstant.h */,
				82975046159F45700009ED89 /* DBFileGuard.h */,
				82975047159F45700009ED89 /* DBFileGuard.m */,
				8244DAF2159F2CC3001722AD /* stylesheets.bundle */,
				82728012159F1B1500A76A55 /* Supporting Files */,
			);
			path = morpheus;
			sourceTree = "<group>";
		};
		82728012159F1B1500A76A55 /* Supporting Files */ = {
			isa = PBXGroup;
			children = (
				82728013159F1B1500A76A55 /* morpheus-Info.plist */,
				82728014159F1B1500A76A55 /* InfoPlist.strings */,
				82728017159F1B1500A76A55 /* main.m */,
				82728019159F1B1500A76A55 /* morpheus-Prefix.pch */,
			);
			name = "Supporting Files";
			sourceTree = "<group>";
		};
/* End PBXGroup section */

/* Begin PBXNativeTarget section */
		82728006159F1B1500A76A55 /* morpheus */ = {
			isa = PBXNativeTarget;
			buildConfigurationList = 8272801F159F1B1500A76A55 /* Build configuration list for PBXNativeTarget "morpheus" */;
			buildPhases = (
				82975044159F425F0009ED89 /* ShellScript */,
				82728003159F1B1500A76A55 /* Sources */,
				82728004159F1B1500A76A55 /* Frameworks */,
				82728005159F1B1500A76A55 /* Resources */,
				B7BAEC13145448EFB57B8C36 /* Copy Pods Resources */,
			);
			buildRules = (
			);
			dependencies = (
			);
			name = morpheus;
			productName = morpheus;
			productReference = 82728007159F1B1500A76A55 /* morpheus.app */;
			productType = "com.apple.product-type.application";
		};
/* End PBXNativeTarget section */

/* Begin PBXProject section */
		82727FFE159F1B1400A76A55 /* Project object */ = {
			isa = PBXProject;
			attributes = {
				CLASSPREFIX = DB;
				LastUpgradeCheck = 0430;
			};
			buildConfigurationList = 82728001159F1B1400A76A55 /* Build configuration list for PBXProject "morpheus" */;
			compatibilityVersion = "Xcode 3.2";
			developmentRegion = English;
			hasScannedForEncodings = 0;
			knownRegions = (
				en,
			);
			mainGroup = 82727FFC159F1B1400A76A55;
			productRefGroup = 82728008159F1B1500A76A55 /* Products */;
			projectDirPath = "";
			projectRoot = "";
			targets = (
				82728006159F1B1500A76A55 /* morpheus */,
			);
		};
/* End PBXProject section */

/* Begin PBXResourcesBuildPhase section */
		82728005159F1B1500A76A55 /* Resources */ = {
			isa = PBXResourcesBuildPhase;
			buildActionMask = 2147483647;
			files = (
				82728016159F1B1500A76A55 /* InfoPlist.strings in Resources */,
				8244DAF3159F2CC3001722AD /* stylesheets.bundle in Resources */,
			);
			runOnlyForDeploymentPostprocessing = 0;
		};
/* End PBXResourcesBuildPhase section */

/* Begin PBXShellScriptBuildPhase section */
		82975044159F425F0009ED89 /* ShellScript */ = {
			isa = PBXShellScriptBuildPhase;
			buildActionMask = 2147483647;
			files = (
			);
			inputPaths = (
			);
			outputPaths = (
			);
			runOnlyForDeploymentPostprocessing = 0;
			shellPath = /bin/sh;
			shellScript = "# Save styles bundle path somewhere";
		};
		B7BAEC13145448EFB57B8C36 /* Copy Pods Resources */ = {
			isa = PBXShellScriptBuildPhase;
			buildActionMask = 2147483647;
			files = (
			);
			inputPaths = (
			);
			name = "Copy Pods Resources";
			outputPaths = (
			);
			runOnlyForDeploymentPostprocessing = 0;
			shellPath = /bin/sh;
			shellScript = "\"${SRCROOT}/Pods/Pods-resources.sh\"\n";
		};
/* End PBXShellScriptBuildPhase section */

/* Begin PBXSourcesBuildPhase section */
		82728003159F1B1500A76A55 /* Sources */ = {
			isa = PBXSourcesBuildPhase;
			buildActionMask = 2147483647;
			files = (
				82728018159F1B1500A76A55 /* main.m in Sources */,
				8272801C159F1B1500A76A55 /* DBAppDelegate.m in Sources */,
				82975048159F45700009ED89 /* DBFileGuard.m in Sources */,
			);
			runOnlyForDeploymentPostprocessing = 0;
		};
/* End PBXSourcesBuildPhase section */

/* Begin PBXVariantGroup section */
		82728014159F1B1500A76A55 /* InfoPlist.strings */ = {
			isa = PBXVariantGroup;
			children = (
				82728015159F1B1500A76A55 /* en */,
			);
			name = InfoPlist.strings;
			sourceTree = "<group>";
		};
/* End PBXVariantGroup section */

/* Begin XCBuildConfiguration section */
		8272801D159F1B1500A76A55 /* Debug */ = {
			isa = XCBuildConfiguration;
			buildSettings = {
				ALWAYS_SEARCH_USER_PATHS = NO;
				ARCHS = "$(ARCHS_STANDARD_32_BIT)";
				CLANG_ENABLE_OBJC_ARC = YES;
				"CODE_SIGN_IDENTITY[sdk=iphoneos*]" = "iPhone Developer";
				COPY_PHASE_STRIP = NO;
				GCC_C_LANGUAGE_STANDARD = gnu99;
				GCC_DYNAMIC_NO_PIC = NO;
				GCC_OPTIMIZATION_LEVEL = 0;
				GCC_PREPROCESSOR_DEFINITIONS = (
					"DEBUG=1",
					"$(inherited)",
				);
				GCC_SYMBOLS_PRIVATE_EXTERN = NO;
				GCC_VERSION = com.apple.compilers.llvm.clang.1_0;
				GCC_WARN_ABOUT_RETURN_TYPE = YES;
				GCC_WARN_UNINITIALIZED_AUTOS = YES;
				GCC_WARN_UNUSED_VARIABLE = YES;
				IPHONEOS_DEPLOYMENT_TARGET = 5.1;
				SDKROOT = iphoneos;
				TARGETED_DEVICE_FAMILY = "1,2";
			};
			name = Debug;
		};
		8272801E159F1B1500A76A55 /* Release */ = {
			isa = XCBuildConfiguration;
			buildSettings = {
				ALWAYS_SEARCH_USER_PATHS = NO;
				ARCHS = "$(ARCHS_STANDARD_32_BIT)";
				CLANG_ENABLE_OBJC_ARC = YES;
				"CODE_SIGN_IDENTITY[sdk=iphoneos*]" = "iPhone Developer";
				COPY_PHASE_STRIP = YES;
				GCC_C_LANGUAGE_STANDARD = gnu99;
				GCC_VERSION = com.apple.compilers.llvm.clang.1_0;
				GCC_WARN_ABOUT_RETURN_TYPE = YES;
				GCC_WARN_UNINITIALIZED_AUTOS = YES;
				GCC_WARN_UNUSED_VARIABLE = YES;
				IPHONEOS_DEPLOYMENT_TARGET = 5.1;
				OTHER_CFLAGS = "-DNS_BLOCK_ASSERTIONS=1";
				SDKROOT = iphoneos;
				TARGETED_DEVICE_FAMILY = "1,2";
				VALIDATE_PRODUCT = YES;
			};
			name = Release;
		};
		82728020159F1B1500A76A55 /* Debug */ = {
			isa = XCBuildConfiguration;
			baseConfigurationReference = 3CDF157089D748C39F564C0F /* Pods.xcconfig */;
			buildSettings = {
				DSTROOT = /tmp/xcodeproj.dst;
				GCC_PRECOMPILE_PREFIX_HEADER = YES;
				GCC_PREFIX_HEADER = "morpheus/morpheus-Prefix.pch";
				GCC_VERSION = com.apple.compilers.llvm.clang.1_0;
				INFOPLIST_FILE = "morpheus/morpheus-Info.plist";
				PRODUCT_NAME = "$(TARGET_NAME)";
				SKIP_INSTALL = YES;
				WRAPPER_EXTENSION = app;
			};
			name = Debug;
		};
		82728021159F1B1500A76A55 /* Release */ = {
			isa = XCBuildConfiguration;
			baseConfigurationReference = 3CDF157089D748C39F564C0F /* Pods.xcconfig */;
			buildSettings = {
				DSTROOT = /tmp/xcodeproj.dst;
				GCC_PRECOMPILE_PREFIX_HEADER = YES;
				GCC_PREFIX_HEADER = "morpheus/morpheus-Prefix.pch";
				GCC_VERSION = com.apple.compilers.llvm.clang.1_0;
				INFOPLIST_FILE = "morpheus/morpheus-Info.plist";
				PRODUCT_NAME = "$(TARGET_NAME)";
				SKIP_INSTALL = YES;
				WRAPPER_EXTENSION = app;
			};
			name = Release;
		};
/* End XCBuildConfiguration section */

/* Begin XCConfigurationList section */
		82728001159F1B1400A76A55 /* Build configuration list for PBXProject "morpheus" */ = {
			isa = XCConfigurationList;
			buildConfigurations = (
				8272801D159F1B1500A76A55 /* Debug */,
				8272801E159F1B1500A76A55 /* Release */,
			);
			defaultConfigurationIsVisible = 0;
			defaultConfigurationName = Release;
		};
		8272801F159F1B1500A76A55 /* Build configuration list for PBXNativeTarget "morpheus" */ = {
			isa = XCConfigurationList;
			buildConfigurations = (
				82728020159F1B1500A76A55 /* Debug */,
				82728021159F1B1500A76A55 /* Release */,
			);
			defaultConfigurationIsVisible = 0;
			defaultConfigurationName = Release;
		};
/* End XCConfigurationList section */
	};
	rootObject = 82727FFE159F1B1400A76A55 /* Project object */;
}
